{
    "_readme": [
        "This file locks the dependencies of your project to a known state",
        "Read more about it at https://getcomposer.org/doc/01-basic-usage.md#composer-lock-the-lock-file",
        "This file is @generated automatically"
    ],
    "content-hash": "c70f7fe62cebdb772b414ced9371de7e",
    "packages": [
        {
            "name": "colinmollenhour/modman",
            "version": "1.12",
            "source": {
                "type": "git",
                "url": "https://github.com/colinmollenhour/modman.git",
                "reference": "c45a6b2f5903dff8c8f029e50d5a93e73fb72793"
            },
            "dist": {
                "type": "zip",
                "url": "https://api.github.com/repos/colinmollenhour/modman/zipball/c45a6b2f5903dff8c8f029e50d5a93e73fb72793",
                "reference": "c45a6b2f5903dff8c8f029e50d5a93e73fb72793",
                "shasum": ""
            },
            "bin": [
                "modman"
            ],
            "type": "library",
            "notification-url": "https://packagist.org/downloads/",
            "license": [
                "Apache-2.0"
            ],
            "authors": [
                {
                    "name": "Colin Mollenhour"
                }
            ],
            "description": "Module Manager",
            "homepage": "https://github.com/colinmollenhour/modman",
            "time": "2015-05-09T00:02:36+00:00"
        },
        {
            "name": "phpmyadmin/phpmyadmin",
            "version": "4.6.6",
            "dist": {
                "type": "zip",
                "url": "https://files.phpmyadmin.net/phpMyAdmin/4.6.6/phpMyAdmin-4.6.6-all-languages.zip",
                "reference": null,
                "shasum": null
            },
            "type": "library"
        }
    ],
    "packages-dev": [],
    "aliases": [],
    "minimum-stability": "stable",
    "stability-flags": [],
    "prefer-stable": false,
    "prefer-lowest": false,
    "platform": [],
    "platform-dev": []
}
